{
	"name": "slopcheck",
	"version": "0.0.1",
	"lockfileVersion": 3,
	"requires": true,
	"packages": {
		"": {
			"name": "slopcheck",
			"version": "0.0.1",
			"license": "MIT",
			"os": [
				"darwin",
				"linux"
			],
			"dependencies": {
				"@ast-grep/napi": "~0.45.3",
				"jscpd": "^5.3.3",
				"yaml": "^2.9.1"
			},
			"bin": {
				"slopcheck": "bin/slopcheck"
			},
			"devDependencies": {
				"@biomejs/biome": "^2.5.15",
				"@types/node": "^24.19.0",
				"typescript": "^5.9.3"
			},
			"engines": {
				"node": ">=24"
			}
		},
		"node_modules/@ast-grep/napi": {
			"version": "0.45.3",
			"resolved": "https://registry.npmjs.org/@ast-grep/napi/-/napi-0.45.3.tgz",
			"integrity": "sha512-bjJsUt0g3UCwbn9bjv7MnoR15rszSm79yPCXn4DWWK0NuYUUqBU/srtNMR4WnpfR7TnfBRdYFoqSNx0pGCNWJg==",
			"license": "MIT",
			"engines": {
				"node": ">= 10"
			},
			"optionalDependencies": {
				"@ast-grep/napi-darwin-arm64": "0.45.3",
				"@ast-grep/napi-darwin-x64": "0.45.3",
				"@ast-grep/napi-linux-arm64-gnu": "0.45.3",
				"@ast-grep/napi-linux-arm64-musl": "0.45.3",
				"@ast-grep/napi-linux-x64-gnu": "0.45.3",
				"@ast-grep/napi-linux-x64-musl": "0.45.3",
				"@ast-grep/napi-win32-arm64-msvc": "0.45.3",
				"@ast-grep/napi-win32-ia32-msvc": "0.45.3",
				"@ast-grep/napi-win32-x64-msvc": "0.45.3"
			}
		},
		"node_modules/@ast-grep/napi-darwin-arm64": {
			"version": "0.45.3",
			"resolved": "https://registry.npmjs.org/@ast-grep/napi-darwin-arm64/-/napi-darwin-arm64-0.45.3.tgz",
			"integrity": "sha512-rMZJ6frSpR/xSbeV4hiA9WR5hHqk3rVYX8lOqEoUCaUnjEuFXvHdGN4WawJ8pVDq/IqM1UnTtsDSYgUdVmO5DA==",
			"cpu": [
				"arm64"
			],
			"license": "MIT",
			"optional": true,
			"os": [
				"darwin"
			],
			"engines": {
				"node": ">= 10"
			}
		},
		"node_modules/@ast-grep/napi-darwin-x64": {
			"version": "0.45.3",
			"resolved": "https://registry.npmjs.org/@ast-grep/napi-darwin-x64/-/napi-darwin-x64-0.45.3.tgz",
			"integrity": "sha512-tIclZ5pM+YSgk8NNTBoTkaclbS39cU5lbVfSrFWX4LUnxXfUPG+F+ppxyFjKwJTBELsGHEO4LdX3/Lc+FDwPNA==",
			"cpu": [
				"x64"
			],
			"license": "MIT",
			"optional": true,
			"os": [
				"darwin"
			],
			"engines": {
				"node": ">= 10"
			}
		},
		"node_modules/@ast-grep/napi-linux-arm64-gnu": {
			"version": "0.45.3",
			"resolved": "https://registry.npmjs.org/@ast-grep/napi-linux-arm64-gnu/-/napi-linux-arm64-gnu-0.45.3.tgz",
			"integrity": "sha512-Bm8F7/oRHQkDXbjH+gBi9oB5huJ0q12r/AIOMIypf5PWlAVvh206Tsw468phw4Oh6kd4Ad1Z+gflNW1MutgK2g==",
			"cpu": [
				"arm64"
			],
			"libc": [
				"glibc"
			],
			"license": "MIT",
			"optional": true,
			"os": [
				"linux"
			],
			"engines": {
				"node": ">= 10"
			}
		},
		"node_modules/@ast-grep/napi-linux-arm64-musl": {
			"version": "0.45.3",
			"resolved": "https://registry.npmjs.org/@ast-grep/napi-linux-arm64-musl/-/napi-linux-arm64-musl-0.45.3.tgz",
			"integrity": "sha512-yr5xcRerV41GeRxmZ8SKbfGeyZRhQePoNNCgTAb4OrWMelWwbMI80aY7/IlF2bo1sN40BSW4hZdGIO/akTd1RQ==",
			"cpu": [
				"arm64"
			],
			"libc": [
				"musl"
			],
			"license": "MIT",
			"optional": true,
			"os": [
				"linux"
			],
			"engines": {
				"node": ">= 10"
			}
		},
		"node_modules/@ast-grep/napi-linux-x64-gnu": {
			"version": "0.45.3",
			"resolved": "https://registry.npmjs.org/@ast-grep/napi-linux-x64-gnu/-/napi-linux-x64-gnu-0.45.3.tgz",
			"integrity": "sha512-lluRK3hxfHMQdFuVID6seAKVx4FH0kEwF6rCh5/I40Sf3EtNR2UCBXAqd6RBA6hqlSckktvBxCfw+h4aescDmg==",
			"cpu": [
				"x64"
			],
			"libc": [
				"glibc"
			],
			"license": "MIT",
			"optional": true,
			"os": [
				"linux"
			],
			"engines": {
				"node": ">= 10"
			}
		},
		"node_modules/@ast-grep/napi-linux-x64-musl": {
			"version": "0.45.3",
			"resolved": "https://registry.npmjs.org/@ast-grep/napi-linux-x64-musl/-/napi-linux-x64-musl-0.45.3.tgz",
			"integrity": "sha512-09wJQKq86LqILqQtw0+X09SzhcPwUnMVFKyia7S3XLbLqSeQpAMF55Y+zll53JRQ1dCzFEZJyvTT/7j9vwfE3w==",
			"cpu": [
				"x64"
			],
			"libc": [
				"musl"
			],
			"license": "MIT",
			"optional": true,
			"os": [
				"linux"
			],
			"engines": {
				"node": ">= 10"
			}
		},
		"node_modules/@ast-grep/napi-win32-arm64-msvc": {
			"version": "0.45.3",
			"resolved": "https://registry.npmjs.org/@ast-grep/napi-win32-arm64-msvc/-/napi-win32-arm64-msvc-0.45.3.tgz",
			"integrity": "sha512-/HiVgw2cdtzXLDLoG4eBBcauekNXewfagy7qiVbjkVu/KcCH8dJ9lpj8DzeWwuBNtZxuD8jpiwP0M1pz3Bc3uw==",
			"cpu": [
				"arm64"
			],
			"license": "MIT",
			"optional": true,
			"os": [
				"win32"
			],
			"engines": {
				"node": ">= 10"
			}
		},
		"node_modules/@ast-grep/napi-win32-ia32-msvc": {
			"version": "0.45.3",
			"resolved": "https://registry.npmjs.org/@ast-grep/napi-win32-ia32-msvc/-/napi-win32-ia32-msvc-0.45.3.tgz",
			"integrity": "sha512-/gwJrJQUw65uNtAFcG2rtSTr117Gqqy3bfjaljCPKsa65dTeRcMMnjKLlZ6V9/g8z+4Xf78kdhp5ECbir4yfSw==",
			"cpu": [
				"ia32"
			],
			"license": "MIT",
			"optional": true,
			"os": [
				"win32"
			],
			"engines": {
				"node": ">= 10"
			}
		},
		"node_modules/@ast-grep/napi-win32-x64-msvc": {
			"version": "0.45.3",
			"resolved": "https://registry.npmjs.org/@ast-grep/napi-win32-x64-msvc/-/napi-win32-x64-msvc-0.45.3.tgz",
			"integrity": "sha512-CEZAMAsaDoQoVE3MT2c/ry3/ydfyaqlTjxv8DK5PG355SrdAYPgevGC2Me6tz4dhphJin89Y20VsnrS5UrYV5Q==",
			"cpu": [
				"x64"
			],
			"license": "MIT",
			"optional": true,
			"os": [
				"win32"
			],
			"engines": {
				"node": ">= 10"
			}
		},
		"node_modules/@biomejs/biome": {
			"version": "2.5.15",
			"resolved": "https://registry.npmjs.org/@biomejs/biome/-/biome-2.5.15.tgz",
			"integrity": "sha512-WZTW4slm/pdkh92K6t/3aEN++44JD1PQ7squ7RCMLI1flHGl43DVOIGXvCjHiZgBMO1V4uYxoFNtqrIA4qGuIQ==",
			"dev": true,
			"license": "MIT OR Apache-2.0",
			"bin": {
				"biome": "bin/biome"
			},
			"engines": {
				"node": ">=14.21.3"
			},
			"funding": {
				"type": "opencollective",
				"url": "https://opencollective.com/biome"
			},
			"optionalDependencies": {
				"@biomejs/cli-darwin-arm64": "2.5.15",
				"@biomejs/cli-darwin-x64": "2.5.15",
				"@biomejs/cli-linux-arm64": "2.5.15",
				"@biomejs/cli-linux-arm64-musl": "2.5.15",
				"@biomejs/cli-linux-x64": "2.5.15",
				"@biomejs/cli-linux-x64-musl": "2.5.15",
				"@biomejs/cli-win32-arm64": "2.5.15",
				"@biomejs/cli-win32-x64": "2.5.15"
			}
		},
		"node_modules/@biomejs/cli-darwin-arm64": {
			"version": "2.5.15",
			"resolved": "https://registry.npmjs.org/@biomejs/cli-darwin-arm64/-/cli-darwin-arm64-2.5.15.tgz",
			"integrity": "sha512-BZVzFhJ/mUvTLMYbc9x6el0o2Uv5zP7bACYyhFb6fSc1giroXm7PL0a5KqMJ9F+/BnkYRjagD/ROSDVOZ6eapg==",
			"cpu": [
				"arm64"
			],
			"dev": true,
			"license": "MIT OR Apache-2.0",
			"optional": true,
			"os": [
				"darwin"
			],
			"engines": {
				"node": ">=14.21.3"
			}
		},
		"node_modules/@biomejs/cli-darwin-x64": {
			"version": "2.5.15",
			"resolved": "https://registry.npmjs.org/@biomejs/cli-darwin-x64/-/cli-darwin-x64-2.5.15.tgz",
			"integrity": "sha512-V5Kw63V+fVGNFhFrizDxMbGXAzZCh8kYzJpy3GI6gTapWDg7bZK9oYC9CbVgQSEdTnupz0U5Efz8Ev+5vdBBXw==",
			"cpu": [
				"x64"
			],
			"dev": true,
			"license": "MIT OR Apache-2.0",
			"optional": true,
			"os": [
				"darwin"
			],
			"engines": {
				"node": ">=14.21.3"
			}
		},
		"node_modules/@biomejs/cli-linux-arm64": {
			"version": "2.5.15",
			"resolved": "https://registry.npmjs.org/@biomejs/cli-linux-arm64/-/cli-linux-arm64-2.5.15.tgz",
			"integrity": "sha512-XaG7P7eeSLYETD3K9grfB0mQmpLQZjygdbsxekWBJAg4am79fGAtRpfRyNnTvXB2fZFNnJZG3nXm7HBat0+VUw==",
			"cpu": [
				"arm64"
			],
			"dev": true,
			"libc": [
				"glibc"
			],
			"license": "MIT OR Apache-2.0",
			"optional": true,
			"os": [
				"linux"
			],
			"engines": {
				"node": ">=14.21.3"
			}
		},
		"node_modules/@biomejs/cli-linux-arm64-musl": {
			"version": "2.5.15",
			"resolved": "https://registry.npmjs.org/@biomejs/cli-linux-arm64-musl/-/cli-linux-arm64-musl-2.5.15.tgz",
			"integrity": "sha512-tGzZUTcJCV7tj5Adh/Gn6nR4MycqA3iohq2LEcrarAgRBkU0h0OKd2UzCRkOsOYOuUGaUJb4YmqRqyy2feGGSw==",
			"cpu": [
				"arm64"
			],
			"dev": true,
			"libc": [
				"musl"
			],
			"license": "MIT OR Apache-2.0",
			"optional": true,
			"os": [
				"linux"
			],
			"engines": {
				"node": ">=14.21.3"
			}
		},
		"node_modules/@biomejs/cli-linux-x64": {
			"version": "2.5.15",
			"resolved": "https://registry.npmjs.org/@biomejs/cli-linux-x64/-/cli-linux-x64-2.5.15.tgz",
			"integrity": "sha512-xE4iEW/3LqlYj9GFgGrFsFSH51dEEpUbYWBfeOv0q87WkUDxK2o/HhreSb7qMJqck70RVM6Lg96hgedcAYcOkA==",
			"cpu": [
				"x64"
			],
			"dev": true,
			"libc": [
				"glibc"
			],
			"license": "MIT OR Apache-2.0",
			"optional": true,
			"os": [
				"linux"
			],
			"engines": {
				"node": ">=14.21.3"
			}
		},
		"node_modules/@biomejs/cli-linux-x64-musl": {
			"version": "2.5.15",
			"resolved": "https://registry.npmjs.org/@biomejs/cli-linux-x64-musl/-/cli-linux-x64-musl-2.5.15.tgz",
			"integrity": "sha512-IlxUcyxilVGPsE008x13pWdkTbU3nQpP2i9b5UrbOYj6goBkKsRX1XB7yJLcV+O1H9LBchIIm4adOaVLZBX0ZQ==",
			"cpu": [
				"x64"
			],
			"dev": true,
			"libc": [
				"musl"
			],
			"license": "MIT OR Apache-2.0",
			"optional": true,
			"os": [
				"linux"
			],
			"engines": {
				"node": ">=14.21.3"
			}
		},
		"node_modules/@biomejs/cli-win32-arm64": {
			"version": "2.5.15",
			"resolved": "https://registry.npmjs.org/@biomejs/cli-win32-arm64/-/cli-win32-arm64-2.5.15.tgz",
			"integrity": "sha512-2kPKzhNlm8C+Ru3GcO0Me2ODkCBLrVOUNuyi84RJyWDVKAA4+Kjj3jMjL938lF6BRfvltC4vB2nPY9SvN51Ovg==",
			"cpu": [
				"arm64"
			],
			"dev": true,
			"license": "MIT OR Apache-2.0",
			"optional": true,
			"os": [
				"win32"
			],
			"engines": {
				"node": ">=14.21.3"
			}
		},
		"node_modules/@biomejs/cli-win32-x64": {
			"version": "2.5.15",
			"resolved": "https://registry.npmjs.org/@biomejs/cli-win32-x64/-/cli-win32-x64-2.5.15.tgz",
			"integrity": "sha512-yAzh4UqEImV6Hcy0zjUqNfJAsUhoD64FBQCdTG8Md/Z2wQeVP/ZmJ3XRYAs1g8J9fjTFyl2fCtc5FB5til47+g==",
			"cpu": [
				"x64"
			],
			"dev": true,
			"license": "MIT OR Apache-2.0",
			"optional": true,
			"os": [
				"win32"
			],
			"engines": {
				"node": ">=14.21.3"
			}
		},
		"node_modules/@types/node": {
			"version": "24.19.0",
			"resolved": "https://registry.npmjs.org/@types/node/-/node-24.19.0.tgz",
			"integrity": "sha512-zY+5tKxXdhGh1PYI0ac+7juvEu4OI6vWtVVoj5i2m42jxAY1U+zHGt6QCyOFwykdP62sM3MJ9stoYYUw5aCWew==",
			"dev": true,
			"license": "MIT",
			"dependencies": {
				"undici-types": ">=7.24.0 <7.24.7"
			}
		},
		"node_modules/jscpd": {
			"version": "5.3.3",
			"resolved": "https://registry.npmjs.org/jscpd/-/jscpd-5.3.3.tgz",
			"integrity": "sha512-BLSHnjrByjRCFENUOCPY/xYcPVOxSINTdybjUHuEAbEROmamD+BCQOTy2eLjxuyBWcR34ARV7q1O0/OOiJzxQg==",
			"license": "MIT",
			"bin": {
				"jscpd": "run-jscpd.js"
			},
			"engines": {
				"node": ">=18"
			},
			"funding": {
				"url": "https://opencollective.com/jscpd"
			},
			"optionalDependencies": {
				"jscpd-darwin-arm64": "5.3.3",
				"jscpd-darwin-x64": "5.3.3",
				"jscpd-linux-arm64-gnu": "5.3.3",
				"jscpd-linux-arm64-musl": "5.3.3",
				"jscpd-linux-x64-gnu": "5.3.3",
				"jscpd-linux-x64-musl": "5.3.3",
				"jscpd-windows-arm64-msvc": "5.3.3",
				"jscpd-windows-x64-msvc": "5.3.3"
			}
		},
		"node_modules/jscpd-darwin-arm64": {
			"version": "5.3.3",
			"resolved": "https://registry.npmjs.org/jscpd-darwin-arm64/-/jscpd-darwin-arm64-5.3.3.tgz",
			"integrity": "sha512-fjjfjNf5p9jhEwFvgRyOteGPV7TYwPZ/bFhPiITs2KgvirDMOv7d5lgVSmS3BUHSBMyNwzxjyrAvvvSsE2LdXA==",
			"cpu": [
				"arm64"
			],
			"license": "MIT",
			"optional": true,
			"os": [
				"darwin"
			]
		},
		"node_modules/jscpd-darwin-x64": {
			"version": "5.3.3",
			"resolved": "https://registry.npmjs.org/jscpd-darwin-x64/-/jscpd-darwin-x64-5.3.3.tgz",
			"integrity": "sha512-MnVxRZX0IWDHP+ze6cMNTQuRsyBy/UB58fgZm/+R8fyktYVScOtYEQw+6AOz2ng6EjzYaCxGJwzlni94yfEZkA==",
			"cpu": [
				"x64"
			],
			"license": "MIT",
			"optional": true,
			"os": [
				"darwin"
			]
		},
		"node_modules/jscpd-linux-arm64-gnu": {
			"version": "5.3.3",
			"resolved": "https://registry.npmjs.org/jscpd-linux-arm64-gnu/-/jscpd-linux-arm64-gnu-5.3.3.tgz",
			"integrity": "sha512-sowSw71vQguhEGvM78tNECWCD3ZSSL8T2SE68GKEe89cux0ZjUXx3CRbcarladZ6Pzobpq7Koe4vtRVKHAdBEA==",
			"cpu": [
				"arm64"
			],
			"libc": [
				"glibc"
			],
			"license": "MIT",
			"optional": true,
			"os": [
				"linux"
			]
		},
		"node_modules/jscpd-linux-arm64-musl": {
			"version": "5.3.3",
			"resolved": "https://registry.npmjs.org/jscpd-linux-arm64-musl/-/jscpd-linux-arm64-musl-5.3.3.tgz",
			"integrity": "sha512-pPSPdzRZD3NNHi/5y3ud9z2E3SjIAYh7VWyGrIs0DVzwI7n/0paRFkQ0W6VCdWfPCK6Tnb1yeMgX/vOrygV0sg==",
			"cpu": [
				"arm64"
			],
			"libc": [
				"musl"
			],
			"license": "MIT",
			"optional": true,
			"os": [
				"linux"
			]
		},
		"node_modules/jscpd-linux-x64-gnu": {
			"version": "5.3.3",
			"resolved": "https://registry.npmjs.org/jscpd-linux-x64-gnu/-/jscpd-linux-x64-gnu-5.3.3.tgz",
			"integrity": "sha512-FwB2UrrGk5HWXPLlGnGBJJgTgE/f6zhE+MJYpkl2KZvMuj8y6bZqYTW+vgBy82aTqdgokKgEf6aScBeAqR63Fg==",
			"cpu": [
				"x64"
			],
			"libc": [
				"glibc"
			],
			"license": "MIT",
			"optional": true,
			"os": [
				"linux"
			]
		},
		"node_modules/jscpd-linux-x64-musl": {
			"version": "5.3.3",
			"resolved": "https://registry.npmjs.org/jscpd-linux-x64-musl/-/jscpd-linux-x64-musl-5.3.3.tgz",
			"integrity": "sha512-J4lN8yc6VieD1Hh/TvtOcRm7bZ3D20idaoy6VZb0iWEa9Ui5M5vJa+hOLK1ye6i6Lyn8CkkSBFCqS9jqsTiF9A==",
			"cpu": [
				"x64"
			],
			"libc": [
				"musl"
			],
			"license": "MIT",
			"optional": true,
			"os": [
				"linux"
			]
		},
		"node_modules/jscpd-windows-arm64-msvc": {
			"version": "5.3.3",
			"resolved": "https://registry.npmjs.org/jscpd-windows-arm64-msvc/-/jscpd-windows-arm64-msvc-5.3.3.tgz",
			"integrity": "sha512-mvvHaMrtEkiFdt09RWxbIvlgGfTH0Q7pBecUU4d4nYsz2+6Fs/7KKgWwiMQV80PPGRqCLvOkzpgBDnz9aAgbtA==",
			"cpu": [
				"arm64"
			],
			"license": "MIT",
			"optional": true,
			"os": [
				"win32"
			]
		},
		"node_modules/jscpd-windows-x64-msvc": {
			"version": "5.3.3",
			"resolved": "https://registry.npmjs.org/jscpd-windows-x64-msvc/-/jscpd-windows-x64-msvc-5.3.3.tgz",
			"integrity": "sha512-4kinkEmmOfmv6glGbjihtmmoJoeR4Czg6dVoR/NNT88jKTnGWZdaSc83je4AEIdznyE9FHKPbg/WpqE9zNJFmQ==",
			"cpu": [
				"x64"
			],
			"license": "MIT",
			"optional": true,
			"os": [
				"win32"
			]
		},
		"node_modules/typescript": {
			"version": "5.9.3",
			"resolved": "https://registry.npmjs.org/typescript/-/typescript-5.9.3.tgz",
			"integrity": "sha512-jl1vZzPDinLr9eUt3J/t7V6FgNEw9QjvBPdysz9KfQDD41fQrC2Y4vKQdiaUpFT4bXlb1RHhLpp8wtm6M5TgSw==",
			"dev": true,
			"license": "Apache-2.0",
			"bin": {
				"tsc": "bin/tsc",
				"tsserver": "bin/tsserver"
			},
			"engines": {
				"node": ">=14.17"
			}
		},
		"node_modules/undici-types": {
			"version": "7.24.6",
			"resolved": "https://registry.npmjs.org/undici-types/-/undici-types-7.24.6.tgz",
			"integrity": "sha512-WRNW+sJgj5OBN4/0JpHFqtqzhpbnV0GuB+OozA9gCL7a993SmU+1JBZCzLNxYsbMfIeDL+lTsphD5jN5N+n0zg==",
			"dev": true,
			"license": "MIT"
		},
		"node_modules/yaml": {
			"version": "2.9.1",
			"resolved": "https://registry.npmjs.org/yaml/-/yaml-2.9.1.tgz",
			"integrity": "sha512-3NxN8+78OdzbT7C/WjGsyfPAtJaN3FNDsWxv7Y7mcDsT/oOmgW8BpyQQFFBnvZE3j9Y2Sdz1ULFLezL7Eb2yFw==",
			"license": "ISC",
			"bin": {
				"yaml": "bin.mjs"
			},
			"engines": {
				"node": ">= 14.6"
			},
			"funding": {
				"url": "https://github.com/sponsors/eemeli"
			}
		}
	}
}
